
Microsoft Visual Studio Solution File, Format Version 12.00
# Visual Studio Version 17
VisualStudioVersion = 17.7.34018.315
MinimumVisualStudioVersion = 10.0.40219.1
Project("{8BC9CEB8-8B4A-11D0-8D11-00A0C91BC942}") = "MedicalCenter", "MedicalCenter\MedicalCenter.vcxproj", "{EC7C0078-1269-4C8D-B710-13B87BDAA638}"
EndProject
Global
	GlobalSection(SolutionConfigurationPlatforms) = preSolution
		Debug|x64 = Debug|x64
		Debug|x86 = Debug|x86
		Release|x64 = Release|x64
		Release|x86 = Release|x86
	EndGlobalSection
	GlobalSection(ProjectConfigurationPlatforms) = postSolution
		{EC7C0078-1269-4C8D-B710-13B87BDAA638}.Debug|x64.ActiveCfg = Debug|x64
		{EC7C0078-1269-4C8D-B710-13B87BDAA638}.Debug|x64.Build.0 = Debug|x64
		{EC7C0078-1269-4C8D-B710-13B87BDAA638}.Debug|x86.ActiveCfg = Debug|Win32
		{EC7C0078-1269-4C8D-B710-13B87BDAA638}.Debug|x86.Build.0 = Debug|Win32
		{EC7C0078-1269-4C8D-B710-13B87BDAA638}.Release|x64.ActiveCfg = Release|x64
		{EC7C0078-1269-4C8D-B710-13B87BDAA638}.Release|x64.Build.0 = Release|x64
		{EC7C0078-1269-4C8D-B710-13B87BDAA638}.Release|x86.ActiveCfg = Release|Win32
		{EC7C0078-1269-4C8D-B710-13B87BDAA638}.Release|x86.Build.0 = Release|Win32
	EndGlobalSection
	GlobalSection(SolutionProperties) = preSolution
		HideSolutionNode = FALSE
	EndGlobalSection
	GlobalSection(ExtensibilityGlobals) = postSolution
		SolutionGuid = {0AAD71B3-D019-451C-8B18-214A9FC6381D}
	EndGlobalSection
EndGlobal
